{
  "name": "@woltlab/d.ts",
  "lockfileVersion": 2,
  "requires": true,
  "packages": {
    "": {
      "name": "@woltlab/d.ts",
      "dependencies": {
        "@ckeditor/ckeditor5-core": "^37.0.1",
        "@ckeditor/ckeditor5-editor-classic": "^37.0.1",
        "@types/google.maps": "^3.52.0",
        "@types/jquery": "^3.5.16",
        "focus-trap": "^7.3.1",
        "tslib": "^2.5.0"
      }
    },
    "node_modules/@ckeditor/ckeditor5-clipboard": {
      "version": "37.0.1",
      "resolved": "https://registry.npmjs.org/@ckeditor/ckeditor5-clipboard/-/ckeditor5-clipboard-37.0.1.tgz",
      "integrity": "sha512-nUSpkkBu4zKwAsS1ZaAu85QyfUlL0eUEo/vocM5OZUl5cI7vmZEuokdD+Fdoo+mqn7//XmlG+P3F0QzOwuUGQw==",
      "dependencies": {
        "@ckeditor/ckeditor5-core": "^37.0.1",
        "@ckeditor/ckeditor5-engine": "^37.0.1",
        "@ckeditor/ckeditor5-utils": "^37.0.1",
        "@ckeditor/ckeditor5-widget": "^37.0.1",
        "lodash-es": "^4.17.15"
      },
      "engines": {
        "node": ">=16.0.0",
        "npm": ">=5.7.1"
      }
    },
    "node_modules/@ckeditor/ckeditor5-core": {
      "version": "37.0.1",
      "resolved": "https://registry.npmjs.org/@ckeditor/ckeditor5-core/-/ckeditor5-core-37.0.1.tgz",
      "integrity": "sha512-xzcAG8aAzzHZbpwUNfpNfkSoEJcofugvMA+Qk4h9dQCNW2hEoacRmaxkWsiKoRyw6WOLGomiJQE2s3EfemEN1g==",
      "dependencies": {
        "@ckeditor/ckeditor5-engine": "^37.0.1",
        "@ckeditor/ckeditor5-utils": "^37.0.1",
        "lodash-es": "^4.17.15"
      },
      "engines": {
        "node": ">=16.0.0",
        "npm": ">=5.7.1"
      }
    },
    "node_modules/@ckeditor/ckeditor5-editor-classic": {
      "version": "37.0.1",
      "resolved": "https://registry.npmjs.org/@ckeditor/ckeditor5-editor-classic/-/ckeditor5-editor-classic-37.0.1.tgz",
      "integrity": "sha512-OV0dOfSON1lz62KtNCykwImTz8NBIoof8rDkUbHKqI+Wrj37yapStM7n+0JJHHuF0iuR0gKRl/4NBmTstSSrVQ==",
      "dependencies": {
        "ckeditor5": "^37.0.1",
        "lodash-es": "^4.17.15"
      },
      "engines": {
        "node": ">=16.0.0",
        "npm": ">=5.7.1"
      }
    },
    "node_modules/@ckeditor/ckeditor5-engine": {
      "version": "37.0.1",
      "resolved": "https://registry.npmjs.org/@ckeditor/ckeditor5-engine/-/ckeditor5-engine-37.0.1.tgz",
      "integrity": "sha512-vc6jxyAf8t0t/xjyU8ACUzcNce1FyzBd3yTc+uNONLnrFUoWA3t8VKVxqCHfx50QaPAW3e/MLa1uR7NSLwb8dQ==",
      "dependencies": {
        "@ckeditor/ckeditor5-utils": "^37.0.1",
        "lodash-es": "^4.17.15"
      },
      "engines": {
        "node": ">=16.0.0",
        "npm": ">=5.7.1"
      }
    },
    "node_modules/@ckeditor/ckeditor5-enter": {
      "version": "37.0.1",
      "resolved": "https://registry.npmjs.org/@ckeditor/ckeditor5-enter/-/ckeditor5-enter-37.0.1.tgz",
      "integrity": "sha512-eCZGgkFWTuhKSu3tROHiHmfaTBds9t84gFO96PVfKY2xpS5C04bf16EWt68P+ANIlHAWcnQ+hJoNZ0x77wWx/Q==",
      "dependencies": {
        "@ckeditor/ckeditor5-core": "^37.0.1",
        "@ckeditor/ckeditor5-engine": "^37.0.1"
      },
      "engines": {
        "node": ">=16.0.0",
        "npm": ">=5.7.1"
      }
    },
    "node_modules/@ckeditor/ckeditor5-paragraph": {
      "version": "37.0.1",
      "resolved": "https://registry.npmjs.org/@ckeditor/ckeditor5-paragraph/-/ckeditor5-paragraph-37.0.1.tgz",
      "integrity": "sha512-nQbVwe9NVUXxwHZtRtMJRm64FrAPFqRGn/zCEFT41tB9/is014elSuvpn9UyC2iJxllmp+5nrtXANR+cBHsgxA==",
      "dependencies": {
        "@ckeditor/ckeditor5-core": "^37.0.1",
        "@ckeditor/ckeditor5-ui": "^37.0.1",
        "@ckeditor/ckeditor5-utils": "^37.0.1"
      },
      "engines": {
        "node": ">=16.0.0",
        "npm": ">=5.7.1"
      }
    },
    "node_modules/@ckeditor/ckeditor5-select-all": {
      "version": "37.0.1",
      "resolved": "https://registry.npmjs.org/@ckeditor/ckeditor5-select-all/-/ckeditor5-select-all-37.0.1.tgz",
      "integrity": "sha512-moji9ivRnyjT7qz8jrx+jbPCnl+i7E8ACRBYiWdIfWiBt0bw0Es4bCGWxiZNjjD1j+qFSNZdNWasQwQ3ednd3g==",
      "dependencies": {
        "@ckeditor/ckeditor5-core": "^37.0.1",
        "@ckeditor/ckeditor5-ui": "^37.0.1",
        "@ckeditor/ckeditor5-utils": "^37.0.1"
      },
      "engines": {
        "node": ">=16.0.0",
        "npm": ">=5.7.1"
      }
    },
    "node_modules/@ckeditor/ckeditor5-typing": {
      "version": "37.0.1",
      "resolved": "https://registry.npmjs.org/@ckeditor/ckeditor5-typing/-/ckeditor5-typing-37.0.1.tgz",
      "integrity": "sha512-3IgUlGblj+m0Sr5GKc5gMxVSg3UvKzyJ+uKvNVm34risK1pdNkfXwy7Ws+dhc9xbJITUrri353zvcXmhe7G/uw==",
      "dependencies": {
        "@ckeditor/ckeditor5-core": "^37.0.1",
        "@ckeditor/ckeditor5-engine": "^37.0.1",
        "@ckeditor/ckeditor5-utils": "^37.0.1",
        "lodash-es": "^4.17.15"
      },
      "engines": {
        "node": ">=16.0.0",
        "npm": ">=5.7.1"
      }
    },
    "node_modules/@ckeditor/ckeditor5-ui": {
      "version": "37.0.1",
      "resolved": "https://registry.npmjs.org/@ckeditor/ckeditor5-ui/-/ckeditor5-ui-37.0.1.tgz",
      "integrity": "sha512-frtSAjwCO1o1XQeYkvXP5vZLGoYmttvXtjJZ0AMzhY0wqxuQsyGgrLrJU4hrIcLJOYYNA1ZHvTQ8fS2Qdk0b8A==",
      "dependencies": {
        "@ckeditor/ckeditor5-core": "^37.0.1",
        "@ckeditor/ckeditor5-utils": "^37.0.1",
        "lodash-es": "^4.17.15"
      },
      "engines": {
        "node": ">=16.0.0",
        "npm": ">=5.7.1"
      }
    },
    "node_modules/@ckeditor/ckeditor5-undo": {
      "version": "37.0.1",
      "resolved": "https://registry.npmjs.org/@ckeditor/ckeditor5-undo/-/ckeditor5-undo-37.0.1.tgz",
      "integrity": "sha512-L9DS13SznPLD6to6Fs+Br2Ui/yLsgKqkT1GPOdpGen/wkEa1DMLW890VAWhc17Voq/HLuA++TXXLDMRYd5moqg==",
      "dependencies": {
        "@ckeditor/ckeditor5-core": "^37.0.1",
        "@ckeditor/ckeditor5-engine": "^37.0.1",
        "@ckeditor/ckeditor5-ui": "^37.0.1"
      },
      "engines": {
        "node": ">=16.0.0",
        "npm": ">=5.7.1"
      }
    },
    "node_modules/@ckeditor/ckeditor5-upload": {
      "version": "37.0.1",
      "resolved": "https://registry.npmjs.org/@ckeditor/ckeditor5-upload/-/ckeditor5-upload-37.0.1.tgz",
      "integrity": "sha512-TGH4FXxedBeO7QbwLcNDMM74swNtJ5BbkWiyEdryJom7y+AIqfqEg0DYeKJoIyQGe6ldiFU5Wm1VRBWZIDzQiQ==",
      "dependencies": {
        "@ckeditor/ckeditor5-core": "^37.0.1",
        "@ckeditor/ckeditor5-ui": "^37.0.1",
        "@ckeditor/ckeditor5-utils": "^37.0.1"
      },
      "engines": {
        "node": ">=16.0.0",
        "npm": ">=5.7.1"
      }
    },
    "node_modules/@ckeditor/ckeditor5-utils": {
      "version": "37.0.1",
      "resolved": "https://registry.npmjs.org/@ckeditor/ckeditor5-utils/-/ckeditor5-utils-37.0.1.tgz",
      "integrity": "sha512-QMTHVbHNckDG9mCaFNjUhjlosxvyBPQ0fGlCyn9p+kHM7iEfP0a1Y63y9lg3n9bXDRYJ8k9Ms1G7xOZvYTBPNg==",
      "dependencies": {
        "lodash-es": "^4.17.15"
      },
      "engines": {
        "node": ">=16.0.0",
        "npm": ">=5.7.1"
      }
    },
    "node_modules/@ckeditor/ckeditor5-watchdog": {
      "version": "37.0.1",
      "resolved": "https://registry.npmjs.org/@ckeditor/ckeditor5-watchdog/-/ckeditor5-watchdog-37.0.1.tgz",
      "integrity": "sha512-SWAsA9aDdc1s+24xFMRYJR3EpgWQLT/J0WYS1PdR5kmTA3YoYvIVXq20iPKyvFywiyNXNHQ5HOYJG2zPN0ACJw==",
      "dependencies": {
        "lodash-es": "^4.17.15"
      },
      "engines": {
        "node": ">=16.0.0",
        "npm": ">=5.7.1"
      }
    },
    "node_modules/@ckeditor/ckeditor5-widget": {
      "version": "37.0.1",
      "resolved": "https://registry.npmjs.org/@ckeditor/ckeditor5-widget/-/ckeditor5-widget-37.0.1.tgz",
      "integrity": "sha512-seoDOhshGk5oG/FbFAux93hZOP9D+Iv3nNPZyYyKy1SOOkQ8Iv4WSQ9thoylLUubce62orVha8pBSxMndwRSaA==",
      "dependencies": {
        "@ckeditor/ckeditor5-core": "^37.0.1",
        "@ckeditor/ckeditor5-engine": "^37.0.1",
        "@ckeditor/ckeditor5-enter": "^37.0.1",
        "@ckeditor/ckeditor5-typing": "^37.0.1",
        "@ckeditor/ckeditor5-ui": "^37.0.1",
        "@ckeditor/ckeditor5-utils": "^37.0.1",
        "lodash-es": "^4.17.15"
      },
      "engines": {
        "node": ">=16.0.0",
        "npm": ">=5.7.1"
      }
    },
    "node_modules/@types/google.maps": {
      "version": "3.52.0",
      "resolved": "https://registry.npmjs.org/@types/google.maps/-/google.maps-3.52.0.tgz",
      "integrity": "sha512-cIwkgSBUOCerEwEpAahg1SxUqqGV+D786TkVWrcZZyPvuCozmXFtzQcpOzvUXBtTUqDzEbCDGlAXDfDSYFXFIw=="
    },
    "node_modules/@types/jquery": {
      "version": "3.5.16",
      "resolved": "https://registry.npmjs.org/@types/jquery/-/jquery-3.5.16.tgz",
      "integrity": "sha512-bsI7y4ZgeMkmpG9OM710RRzDFp+w4P1RGiIt30C1mSBT+ExCleeh4HObwgArnDFELmRrOpXgSYN9VF1hj+f1lw==",
      "dependencies": {
        "@types/sizzle": "*"
      }
    },
    "node_modules/@types/sizzle": {
      "version": "2.3.3",
      "resolved": "https://registry.npmjs.org/@types/sizzle/-/sizzle-2.3.3.tgz",
      "integrity": "sha512-JYM8x9EGF163bEyhdJBpR2QX1R5naCJHC8ucJylJ3w9/CVBaskdQ8WqBf8MmQrd1kRvp/a4TS8HJ+bxzR7ZJYQ=="
    },
    "node_modules/ckeditor5": {
      "version": "37.0.1",
      "resolved": "https://registry.npmjs.org/ckeditor5/-/ckeditor5-37.0.1.tgz",
      "integrity": "sha512-R/yuGQ0TBH+ZeCpglhH4LafAcEs5qKlvKEAhumrVJkkEzuWC/nyvOW+5IvSmBvtzghQ1ostxtNyEMQB3/HcwhA==",
      "dependencies": {
        "@ckeditor/ckeditor5-clipboard": "^37.0.1",
        "@ckeditor/ckeditor5-core": "^37.0.1",
        "@ckeditor/ckeditor5-engine": "^37.0.1",
        "@ckeditor/ckeditor5-enter": "^37.0.1",
        "@ckeditor/ckeditor5-paragraph": "^37.0.1",
        "@ckeditor/ckeditor5-select-all": "^37.0.1",
        "@ckeditor/ckeditor5-typing": "^37.0.1",
        "@ckeditor/ckeditor5-ui": "^37.0.1",
        "@ckeditor/ckeditor5-undo": "^37.0.1",
        "@ckeditor/ckeditor5-upload": "^37.0.1",
        "@ckeditor/ckeditor5-utils": "^37.0.1",
        "@ckeditor/ckeditor5-watchdog": "^37.0.1",
        "@ckeditor/ckeditor5-widget": "^37.0.1"
      },
      "engines": {
        "node": ">=16.0.0",
        "npm": ">=5.7.1"
      }
    },
    "node_modules/focus-trap": {
      "version": "7.3.1",
      "resolved": "https://registry.npmjs.org/focus-trap/-/focus-trap-7.3.1.tgz",
      "integrity": "sha512-bX/u4FJ+F0Pp6b/8Q9W8Br/JaLJ7rrhOJAzai9JU8bh4BPdOjEATy4pxHcbBBxFjPN4d1oHy7/KqknEdOetm9w==",
      "dependencies": {
        "tabbable": "^6.1.1"
      }
    },
    "node_modules/lodash-es": {
      "version": "4.17.21",
      "resolved": "https://registry.npmjs.org/lodash-es/-/lodash-es-4.17.21.tgz",
      "integrity": "sha512-mKnC+QJ9pWVzv+C4/U3rRsHapFfHvQFoFB92e52xeyGMcX6/OlIl78je1u8vePzYZSkkogMPJ2yjxxsb89cxyw=="
    },
    "node_modules/tabbable": {
      "version": "6.1.1",
      "resolved": "https://registry.npmjs.org/tabbable/-/tabbable-6.1.1.tgz",
      "integrity": "sha512-4kl5w+nCB44EVRdO0g/UGoOp3vlwgycUVtkk/7DPyeLZUCuNFFKCFG6/t/DgHLrUPHjrZg6s5tNm+56Q2B0xyg=="
    },
    "node_modules/tslib": {
      "version": "2.5.0",
      "resolved": "https://registry.npmjs.org/tslib/-/tslib-2.5.0.tgz",
      "integrity": "sha512-336iVw3rtn2BUK7ORdIAHTyxHGRIHVReokCR3XjbckJMK7ms8FysBfhLR8IXnAgy7T0PTPNBWKiH514FOW/WSg=="
    }
  },
  "dependencies": {
    "@ckeditor/ckeditor5-clipboard": {
      "version": "37.0.1",
      "resolved": "https://registry.npmjs.org/@ckeditor/ckeditor5-clipboard/-/ckeditor5-clipboard-37.0.1.tgz",
      "integrity": "sha512-nUSpkkBu4zKwAsS1ZaAu85QyfUlL0eUEo/vocM5OZUl5cI7vmZEuokdD+Fdoo+mqn7//XmlG+P3F0QzOwuUGQw==",
      "requires": {
        "@ckeditor/ckeditor5-core": "^37.0.1",
        "@ckeditor/ckeditor5-engine": "^37.0.1",
        "@ckeditor/ckeditor5-utils": "^37.0.1",
        "@ckeditor/ckeditor5-widget": "^37.0.1",
        "lodash-es": "^4.17.15"
      }
    },
    "@ckeditor/ckeditor5-core": {
      "version": "37.0.1",
      "resolved": "https://registry.npmjs.org/@ckeditor/ckeditor5-core/-/ckeditor5-core-37.0.1.tgz",
      "integrity": "sha512-xzcAG8aAzzHZbpwUNfpNfkSoEJcofugvMA+Qk4h9dQCNW2hEoacRmaxkWsiKoRyw6WOLGomiJQE2s3EfemEN1g==",
      "requires": {
        "@ckeditor/ckeditor5-engine": "^37.0.1",
        "@ckeditor/ckeditor5-utils": "^37.0.1",
        "lodash-es": "^4.17.15"
      }
    },
    "@ckeditor/ckeditor5-editor-classic": {
      "version": "37.0.1",
      "resolved": "https://registry.npmjs.org/@ckeditor/ckeditor5-editor-classic/-/ckeditor5-editor-classic-37.0.1.tgz",
      "integrity": "sha512-OV0dOfSON1lz62KtNCykwImTz8NBIoof8rDkUbHKqI+Wrj37yapStM7n+0JJHHuF0iuR0gKRl/4NBmTstSSrVQ==",
      "requires": {
        "ckeditor5": "^37.0.1",
        "lodash-es": "^4.17.15"
      }
    },
    "@ckeditor/ckeditor5-engine": {
      "version": "37.0.1",
      "resolved": "https://registry.npmjs.org/@ckeditor/ckeditor5-engine/-/ckeditor5-engine-37.0.1.tgz",
      "integrity": "sha512-vc6jxyAf8t0t/xjyU8ACUzcNce1FyzBd3yTc+uNONLnrFUoWA3t8VKVxqCHfx50QaPAW3e/MLa1uR7NSLwb8dQ==",
      "requires": {
        "@ckeditor/ckeditor5-utils": "^37.0.1",
        "lodash-es": "^4.17.15"
      }
    },
    "@ckeditor/ckeditor5-enter": {
      "version": "37.0.1",
      "resolved": "https://registry.npmjs.org/@ckeditor/ckeditor5-enter/-/ckeditor5-enter-37.0.1.tgz",
      "integrity": "sha512-eCZGgkFWTuhKSu3tROHiHmfaTBds9t84gFO96PVfKY2xpS5C04bf16EWt68P+ANIlHAWcnQ+hJoNZ0x77wWx/Q==",
      "requires": {
        "@ckeditor/ckeditor5-core": "^37.0.1",
        "@ckeditor/ckeditor5-engine": "^37.0.1"
      }
    },
    "@ckeditor/ckeditor5-paragraph": {
      "version": "37.0.1",
      "resolved": "https://registry.npmjs.org/@ckeditor/ckeditor5-paragraph/-/ckeditor5-paragraph-37.0.1.tgz",
      "integrity": "sha512-nQbVwe9NVUXxwHZtRtMJRm64FrAPFqRGn/zCEFT41tB9/is014elSuvpn9UyC2iJxllmp+5nrtXANR+cBHsgxA==",
      "requires": {
        "@ckeditor/ckeditor5-core": "^37.0.1",
        "@ckeditor/ckeditor5-ui": "^37.0.1",
        "@ckeditor/ckeditor5-utils": "^37.0.1"
      }
    },
    "@ckeditor/ckeditor5-select-all": {
      "version": "37.0.1",
      "resolved": "https://registry.npmjs.org/@ckeditor/ckeditor5-select-all/-/ckeditor5-select-all-37.0.1.tgz",
      "integrity": "sha512-moji9ivRnyjT7qz8jrx+jbPCnl+i7E8ACRBYiWdIfWiBt0bw0Es4bCGWxiZNjjD1j+qFSNZdNWasQwQ3ednd3g==",
      "requires": {
        "@ckeditor/ckeditor5-core": "^37.0.1",
        "@ckeditor/ckeditor5-ui": "^37.0.1",
        "@ckeditor/ckeditor5-utils": "^37.0.1"
      }
    },
    "@ckeditor/ckeditor5-typing": {
      "version": "37.0.1",
      "resolved": "https://registry.npmjs.org/@ckeditor/ckeditor5-typing/-/ckeditor5-typing-37.0.1.tgz",
      "integrity": "sha512-3IgUlGblj+m0Sr5GKc5gMxVSg3UvKzyJ+uKvNVm34risK1pdNkfXwy7Ws+dhc9xbJITUrri353zvcXmhe7G/uw==",
      "requires": {
        "@ckeditor/ckeditor5-core": "^37.0.1",
        "@ckeditor/ckeditor5-engine": "^37.0.1",
        "@ckeditor/ckeditor5-utils": "^37.0.1",
        "lodash-es": "^4.17.15"
      }
    },
    "@ckeditor/ckeditor5-ui": {
      "version": "37.0.1",
      "resolved": "https://registry.npmjs.org/@ckeditor/ckeditor5-ui/-/ckeditor5-ui-37.0.1.tgz",
      "integrity": "sha512-frtSAjwCO1o1XQeYkvXP5vZLGoYmttvXtjJZ0AMzhY0wqxuQsyGgrLrJU4hrIcLJOYYNA1ZHvTQ8fS2Qdk0b8A==",
      "requires": {
        "@ckeditor/ckeditor5-core": "^37.0.1",
        "@ckeditor/ckeditor5-utils": "^37.0.1",
        "lodash-es": "^4.17.15"
      }
    },
    "@ckeditor/ckeditor5-undo": {
      "version": "37.0.1",
      "resolved": "https://registry.npmjs.org/@ckeditor/ckeditor5-undo/-/ckeditor5-undo-37.0.1.tgz",
      "integrity": "sha512-L9DS13SznPLD6to6Fs+Br2Ui/yLsgKqkT1GPOdpGen/wkEa1DMLW890VAWhc17Voq/HLuA++TXXLDMRYd5moqg==",
      "requires": {
        "@ckeditor/ckeditor5-core": "^37.0.1",
        "@ckeditor/ckeditor5-engine": "^37.0.1",
        "@ckeditor/ckeditor5-ui": "^37.0.1"
      }
    },
    "@ckeditor/ckeditor5-upload": {
      "version": "37.0.1",
      "resolved": "https://registry.npmjs.org/@ckeditor/ckeditor5-upload/-/ckeditor5-upload-37.0.1.tgz",
      "integrity": "sha512-TGH4FXxedBeO7QbwLcNDMM74swNtJ5BbkWiyEdryJom7y+AIqfqEg0DYeKJoIyQGe6ldiFU5Wm1VRBWZIDzQiQ==",
      "requires": {
        "@ckeditor/ckeditor5-core": "^37.0.1",
        "@ckeditor/ckeditor5-ui": "^37.0.1",
        "@ckeditor/ckeditor5-utils": "^37.0.1"
      }
    },
    "@ckeditor/ckeditor5-utils": {
      "version": "37.0.1",
      "resolved": "https://registry.npmjs.org/@ckeditor/ckeditor5-utils/-/ckeditor5-utils-37.0.1.tgz",
      "integrity": "sha512-QMTHVbHNckDG9mCaFNjUhjlosxvyBPQ0fGlCyn9p+kHM7iEfP0a1Y63y9lg3n9bXDRYJ8k9Ms1G7xOZvYTBPNg==",
      "requires": {
        "lodash-es": "^4.17.15"
      }
    },
    "@ckeditor/ckeditor5-watchdog": {
      "version": "37.0.1",
      "resolved": "https://registry.npmjs.org/@ckeditor/ckeditor5-watchdog/-/ckeditor5-watchdog-37.0.1.tgz",
      "integrity": "sha512-SWAsA9aDdc1s+24xFMRYJR3EpgWQLT/J0WYS1PdR5kmTA3YoYvIVXq20iPKyvFywiyNXNHQ5HOYJG2zPN0ACJw==",
      "requires": {
        "lodash-es": "^4.17.15"
      }
    },
    "@ckeditor/ckeditor5-widget": {
      "version": "37.0.1",
      "resolved": "https://registry.npmjs.org/@ckeditor/ckeditor5-widget/-/ckeditor5-widget-37.0.1.tgz",
      "integrity": "sha512-seoDOhshGk5oG/FbFAux93hZOP9D+Iv3nNPZyYyKy1SOOkQ8Iv4WSQ9thoylLUubce62orVha8pBSxMndwRSaA==",
      "requires": {
        "@ckeditor/ckeditor5-core": "^37.0.1",
        "@ckeditor/ckeditor5-engine": "^37.0.1",
        "@ckeditor/ckeditor5-enter": "^37.0.1",
        "@ckeditor/ckeditor5-typing": "^37.0.1",
        "@ckeditor/ckeditor5-ui": "^37.0.1",
        "@ckeditor/ckeditor5-utils": "^37.0.1",
        "lodash-es": "^4.17.15"
      }
    },
    "@types/google.maps": {
      "version": "3.52.0",
      "resolved": "https://registry.npmjs.org/@types/google.maps/-/google.maps-3.52.0.tgz",
      "integrity": "sha512-cIwkgSBUOCerEwEpAahg1SxUqqGV+D786TkVWrcZZyPvuCozmXFtzQcpOzvUXBtTUqDzEbCDGlAXDfDSYFXFIw=="
    },
    "@types/jquery": {
      "version": "3.5.16",
      "resolved": "https://registry.npmjs.org/@types/jquery/-/jquery-3.5.16.tgz",
      "integrity": "sha512-bsI7y4ZgeMkmpG9OM710RRzDFp+w4P1RGiIt30C1mSBT+ExCleeh4HObwgArnDFELmRrOpXgSYN9VF1hj+f1lw==",
      "requires": {
        "@types/sizzle": "*"
      }
    },
    "@types/sizzle": {
      "version": "2.3.3",
      "resolved": "https://registry.npmjs.org/@types/sizzle/-/sizzle-2.3.3.tgz",
      "integrity": "sha512-JYM8x9EGF163bEyhdJBpR2QX1R5naCJHC8ucJylJ3w9/CVBaskdQ8WqBf8MmQrd1kRvp/a4TS8HJ+bxzR7ZJYQ=="
    },
    "ckeditor5": {
      "version": "37.0.1",
      "resolved": "https://registry.npmjs.org/ckeditor5/-/ckeditor5-37.0.1.tgz",
      "integrity": "sha512-R/yuGQ0TBH+ZeCpglhH4LafAcEs5qKlvKEAhumrVJkkEzuWC/nyvOW+5IvSmBvtzghQ1ostxtNyEMQB3/HcwhA==",
      "requires": {
        "@ckeditor/ckeditor5-clipboard": "^37.0.1",
        "@ckeditor/ckeditor5-core": "^37.0.1",
        "@ckeditor/ckeditor5-engine": "^37.0.1",
        "@ckeditor/ckeditor5-enter": "^37.0.1",
        "@ckeditor/ckeditor5-paragraph": "^37.0.1",
        "@ckeditor/ckeditor5-select-all": "^37.0.1",
        "@ckeditor/ckeditor5-typing": "^37.0.1",
        "@ckeditor/ckeditor5-ui": "^37.0.1",
        "@ckeditor/ckeditor5-undo": "^37.0.1",
        "@ckeditor/ckeditor5-upload": "^37.0.1",
        "@ckeditor/ckeditor5-utils": "^37.0.1",
        "@ckeditor/ckeditor5-watchdog": "^37.0.1",
        "@ckeditor/ckeditor5-widget": "^37.0.1"
      }
    },
    "focus-trap": {
      "version": "7.3.1",
      "resolved": "https://registry.npmjs.org/focus-trap/-/focus-trap-7.3.1.tgz",
      "integrity": "sha512-bX/u4FJ+F0Pp6b/8Q9W8Br/JaLJ7rrhOJAzai9JU8bh4BPdOjEATy4pxHcbBBxFjPN4d1oHy7/KqknEdOetm9w==",
      "requires": {
        "tabbable": "^6.1.1"
      }
    },
    "lodash-es": {
      "version": "4.17.21",
      "resolved": "https://registry.npmjs.org/lodash-es/-/lodash-es-4.17.21.tgz",
      "integrity": "sha512-mKnC+QJ9pWVzv+C4/U3rRsHapFfHvQFoFB92e52xeyGMcX6/OlIl78je1u8vePzYZSkkogMPJ2yjxxsb89cxyw=="
    },
    "tabbable": {
      "version": "6.1.1",
      "resolved": "https://registry.npmjs.org/tabbable/-/tabbable-6.1.1.tgz",
      "integrity": "sha512-4kl5w+nCB44EVRdO0g/UGoOp3vlwgycUVtkk/7DPyeLZUCuNFFKCFG6/t/DgHLrUPHjrZg6s5tNm+56Q2B0xyg=="
    },
    "tslib": {
      "version": "2.5.0",
      "resolved": "https://registry.npmjs.org/tslib/-/tslib-2.5.0.tgz",
      "integrity": "sha512-336iVw3rtn2BUK7ORdIAHTyxHGRIHVReokCR3XjbckJMK7ms8FysBfhLR8IXnAgy7T0PTPNBWKiH514FOW/WSg=="
    }
  }
}
